{
 "scripts/voile_cisaillement.py": {
  "sha256": "11b036bf34833c411a61e2552deed86caa40ce112020bc380f1f9f829be74a77",
  "gele_le": "2026-08-22T08:57:02",
  "extrait": "voile_cisaillement.py — Le canal que le corpus n'a jamais calcule : le cisaillem"
 },
 "scripts/frb_strategie.py": {
  "sha256": "74ee54c0c0a6296e8993ff5e12fb03a33bbe3f0432875330df34db0c1236cfd5",
  "gele_le": "2026-08-22T08:57:02",
  "extrait": "frb_strategie.py — D'ou vient le pouvoir discriminant ? Du NOMBRE ou du LEVIER ?"
 },
 "outils/registre.py": {
  "sha256": "10787c9144307a6de1b18998ccbfef1333efd530d1c553cb79cf05ca3b56f91c",
  "gele_le": "2026-08-22T08:57:02",
  "extrait": "registre v0 — la falsification-as-code. Né du corpus cosmologie (116 entrées, ao"
 },
 "outils/adversaire.py": {
  "sha256": "33fb49c1b2b7f37f44952a4b212902d407d3c5e636c887df6a633666790298e0",
  "gele_le": "2026-08-22T11:36:59",
  "extrait": "adversaire v1 — audit contradictoire automatisé. Né le 24/08/2026 du corpus cosm"
 },
 "scripts/attaque_croker_fond.py": {
  "sha256": "d64472310abc5b82946002b68b85076334a969f7a5e55d588176fd08980d123b",
  "gele_le": "2026-08-22T11:36:59",
  "extrait": "Attaque exécutable — Croker et al. 2024, classe « fond cosmologique »."
 },
 "outils/audience.py": {
  "sha256": "486e5e380f27846dcab04aba16015442ed461bd09039dd47119265ae65cd475d",
  "gele_le": "2026-08-22T11:46:52",
  "extrait": "audience v1 — l'échéancier public des prédictions. Né le 24/08/2026."
 },
 "outils/ktracker.py": {
  "sha256": "7eba82ff8d957d5d161fb1bd43da5c70a2ab88a45b0a7184453d49dee3bf120a",
  "gele_le": "2026-08-22T11:50:27",
  "extrait": "k-tracker v1 — posterieur vivant du couplage cosmologique des trous noirs (M ∝ a"
 },
 "outils/scelle.py": {
  "sha256": "38c88d33cbdfae1315a440c72a6e3361bba3a2245785c924d1c66f58014c2428",
  "gele_le": "2026-08-22T11:55:06",
  "extrait": "scellé v1 — l'arbitre de l'affaire DR3-beta, construit AVANT l'arrivée du juge ("
 },
 "scripts/test_wE_v3.py": {
  "sha256": "30c7a96430333e8c016a0fbf6ef818e9428179d09dd5b48576362956a7b24454",
  "gele_le": "2026-08-22T11:55:06",
  "extrait": "test_wE_v2.py — LE TEST, VERSION DIMENSIONNEE."
 },
 "scripts/etudes_2026.py": {
  "sha256": "d17e9f2dd1ddef5a1087d4f3cc9c01f77dbcccb962452f61cf540a7ad95fd6a9",
  "gele_le": "2026-08-22T15:46:12",
  "extrait": "ÉTUDES 2026 — les six specs, gelées ensemble (24/08/2026). Fichier .py pour que"
 },
 "scripts/carte_reproduction.py": {
  "sha256": "5a8d40943b2540a29c462ef021fed605093cdcfcd9ac2d0963c1137b4f14a7bb",
  "gele_le": "2026-08-22T15:50:03",
  "extrait": "E6 — Carte de reproduction beta_enfant = f(beta_parent). CRITERES PRE-ENREGISTRE"
 },
 "scripts/etude_E7_viabilite.py": {
  "sha256": "f764514dc47775119a03cac71bd7deea2ff7bb7f5d0a041274cd11d00864bec0",
  "gele_le": "2026-08-22T16:01:33",
  "extrait": "E7 — L'INDICE DE VIABILITE HORS COSMOLOGIE. CRITERES PRE-ENREGISTRES (geles avan"
 },
 "scripts/test_saturation.py": {
  "sha256": "04e47b1ff75724d44a8a74d6a9807776f15ecccbc2985766b1d8eadacd593214",
  "gele_le": "2026-08-22T19:34:36",
  "extrait": "TEST DE LA THEORIE DE LA SATURATION. CRITERE PRE-ENREGISTRE (gele avant executio"
 },
 "scripts/eps_nu.py": {
  "sha256": "3ee9f32b6f4fe47718b310890e9cc0ea624c12deee2bc866940877a8f3ddafe9",
  "gele_le": "2026-08-23T01:21:10",
  "extrait": "CHANTIER 3 — eps(nu) : la hauteur de pic peut-elle sauver la lecture pic sans ho"
 },
 "scripts/flux_paroi.py": {
  "sha256": "7de006aeda135b28c430a92b35f26e400737192a183124a8cff9018d25dca32a",
  "gele_le": "2026-08-23T05:11:53",
  "extrait": "DOUTE #2 EXECUTE — la condition de flux a travers la paroi. CRITERES PRE-ENREGIS"
 },
 "scripts/couche_limite.py": {
  "sha256": "16340edd870fc160aa6fb63802d23abdb66b50cb7e3e1b5e5760750b873e3761",
  "gele_le": "2026-08-23T05:23:07",
  "extrait": "LA COUCHE LIMITE — mecanisme, identite, domaine. CRITERES PRE-REGISTRES :"
 },
 "scripts/audit_131.py": {
  "sha256": "0869c63b68e7cdfd1948cc29c226b94f271b2032a65859ccca99f7272e71495a",
  "gele_le": "2026-08-23T05:27:42",
  "extrait": "AUDIT DE #131 PAR #131. CRITERES PRE-ENREGISTRES :"
 },
 "scripts/horloge_poussiere.py": {
  "sha256": "d20bca3333ff85038d49eda9322465da5994b1fe00aca41be241478d1e334685",
  "gele_le": "2026-08-23T05:33:37",
  "extrait": "E8 — L'HORLOGE REFONDEE DANS LE TEMPS PROPRE DU COURANT DE POUSSIERE."
 },
 "scripts/horloge_poussiere_v2.py": {
  "sha256": "f1966b76e638591d4b354a5a2efacaaa3a75e126cdaeaf8d735e2a43e1b52196",
  "gele_le": "2026-08-23T05:40:45",
  "extrait": "E8-v2 — CORRECTION DE #133 APRES AUDIT. L'erreur d'hier : j'ai pris dtau_p/dt = "
 },
 "scripts/perturbations_derivees.py": {
  "sha256": "d3a4111831c3036d1eef3fbf30eda4fe5e031befccefddf1127577a72ed8b58c",
  "gele_le": "2026-08-23T10:40:06",
  "extrait": "CHANTIER 2 EXECUTE — les perturbations DERIVEES, plus supposees."
 },
 "scripts/etude_E1_vides.py": {
  "sha256": "8f3c54a31b585a42e9af32c5a0da85ad715edfaf9fd1451de5ec1d9102388be7",
  "gele_le": "2026-08-23T19:45:57",
  "extrait": "E1 v0 — VIDES x PANTHEON+ : duel goulet/horloge, manche 2. CRITERES PRE-ENREGIST"
 },
 "scripts/etude_E1_manche2.py": {
  "sha256": "ec458a2cf766e52712bc25c81e60546b616549dbdffb0195d9b4737a95a1ce26",
  "gele_le": "2026-08-23T19:56:57",
  "extrait": "E1 MANCHE 2 — DOUGLASS DR7 x PANTHEON+ : le deuxieme catalogue de vides. CRITERE"
 },
 "outils/ligne_de_base.py": {
  "sha256": "550e064a49c8270011a69c5eaa76b56e3f1324b00b93898feb699dae96aed76f",
  "gele_le": "2026-08-23T20:25:56",
  "extrait": "ligne_de_base v1 — la reproduction du corpus, en CI. CRITERES PRE-ENREGISTRES (g"
 },
 "scripts/frb_likelihood.py": {
  "sha256": "27f3cdafc0452c0c9b5880fba8cfe17f744a34b38846970406db03eaf7b0516c",
  "gele_le": "2026-08-23T20:30:49",
  "extrait": "frb_likelihood.py — La vraisemblance FRB complete, refittee DANS chaque fond."
 },
 "scripts/etude_E1_robustesse.py": {
  "sha256": "af15f3a5aedcdf59909c3a2607f1946c8a4dd6fd3e23c5fac5ae289efa20c576",
  "gele_le": "2026-08-23T20:34:51",
  "extrait": "E1 ROBUSTESSE — deux doutes sur la manche 2, creuses avant d'etre crus. CRITERES"
 },
 "outils/perime.py": {
  "sha256": "37add057ef88922cd95397431d0b4ece387353a0b878eac4743c340a41fa0eec",
  "gele_le": "2026-08-23T20:49:43",
  "extrait": "perime v0 — le linter de valeurs périmées, écrit le 23/08/2026 d'après la spec d"
 },
 "scripts/penrose_fcoll.py": {
  "sha256": "22476d7b732c71927db6a6c2ab54e5510393ff72e49280aec29cc723f3018f96",
  "gele_le": "2026-08-23T21:40:17",
  "extrait": "GRAND LIVRE DE PENROSE (papier B, section 3) — f_coll(>M_cut) et R selon la mass"
 },
 "scripts/croisement_fantome.py": {
  "sha256": "8cb6e7d24f9bd04bfa24d95a58c2975be35a133c070b15fec4fc2d50e40e68ed",
  "gele_le": "2026-08-23T21:45:01",
  "extrait": "LE CROISEMENT FANTOME z_x(beta) — arbitrage entre quatre valeurs du papier A."
 },
 "scripts/etude_E3_frb_reelles.py": {
  "sha256": "77e8bff5d7b599b56330ab963006bc4e8a9201be3d798bf8b18581fbfadba317",
  "gele_le": "2026-08-23T22:07:18",
  "extrait": "E3 v0 — FRB SUR DONNEES REELLES : la table de Connor et al. 2025, plus les mocks"
 },
 "scripts/etude_E3_frb_reelles_v1.py": {
  "sha256": "b4db633032379b63b776e0e03e35947fe5277d570a3ccbe2e373c6e050b1d8e1",
  "gele_le": "2026-08-23T22:08:53",
  "extrait": "E3 v1 — FRB SUR DONNEES REELLES, critere de validation CORRIGE ET DECLARE."
 },
 "scripts/mcmc_planck_beta.py": {
  "sha256": "ef3ffe8764b3a59e28b79fc52998ffbe17f9c81c57350910f20656ee060befc0",
  "gele_le": "2026-08-23T22:26:50",
  "extrait": "MCMC PLANCK COMPLET SUR beta — le manquement #2, ferme : marginalisation, pas pr"
 },
 "scripts/etude_E3_bootstrap.py": {
  "sha256": "e06c8cefc35722f1a01a1f225f8f08531ef7e8e5ea99f53c1bca0c65a93f574b",
  "gele_le": "2026-08-23T22:26:50",
  "extrait": "E3 BOOTSTRAP — le 2,2 sigma reel etait un tirage unique ; en voici la distributi"
 },
 "outils/rejouer.py": {
  "sha256": "2901c0b2e7f925854544a0cc73a401e37753a7565799ea430f3be22b7eaedfdd",
  "gele_le": "2026-08-23T22:28:23",
  "extrait": "rejouer v1 — « registre run » : les ancres numériques rejouées et confrontées (2"
 },
 "outils/genere_ciel.py": {
  "sha256": "9bf4dc5e7b9d2be0bf35ab93fb9a32cad162bac9e11184ea0a186b1dc3a11f53",
  "gele_le": "2026-08-23T22:31:19",
  "extrait": "genere_ciel v1 — generateur de visuels/ciel_pantheon_v2.html (23/08/2026)."
 },
 "outils/fig_frb.py": {
  "sha256": "523d5f49266b3f01716b5b1d30198880054705515c4ad0f90dc6550b5d7c19e9",
  "gele_le": "2026-08-23T22:32:55",
  "extrait": "fig_frb v1 — la figure du canal FRB sur donnees reelles (papier C). CRITERES"
 },
 "outils/etat.py": {
  "sha256": "c2156644a743515ba93aef2d7effd5b2b3507e7c2efcc05cecf7469295eefbcd",
  "gele_le": "2026-08-23T22:35:29",
  "extrait": "etat v1 — l'état du dépôt, GÉNÉRÉ depuis les sources (23/08/2026). Jamais écrit "
 },
 "scripts/atlas_v1.py": {
  "sha256": "580a983e775f009693455ce76cb89a49c35e1a0595201c701a222fddeb500fdd",
  "gele_le": "2026-08-23T23:50:33",
  "extrait": "ATLAS v1 — 19 modeles d'energie noire, un pipeline, un classement. CRITERES"
 },
 "outils/genere_atlas.py": {
  "sha256": "cccc8bc622a198afa157dd9178cfcca5683de5b1d58f6528bfaf1fbb00b8031c",
  "gele_le": "2026-08-24T01:28:07",
  "extrait": "genere_atlas v1 — le visuel de l'atlas, GÉNÉRÉ depuis atlas_leaderboard.json (24"
 },
 "outils/genere_audience.py": {
  "sha256": "1b806979d76b4b1581f4cce424be09fedfc8373e06ea6d27ea4ad508af400b07",
  "gele_le": "2026-08-24T02:00:00",
  "extrait": "genere_audience v1 — le visuel du Rôle (prédictions futures et leur suivi), 24/0"
 },
 "scripts/mcmc_planck_beta1.py": {
  "sha256": "200263d74265f91088b4fa0377a51184674f37b2f65088932f36e57ec424655f",
  "gele_le": "2026-08-24T02:32:38",
  "extrait": "LA DECOUVERTE TENTEE — beta_1 SUR LE PLANCK COMPLET : la tension interne est-ell"
 },
 "outils/ledger.py": {
  "sha256": "8a5e6a688c4558d0e7615bb5df3e08f610558a3734f67c88cb44405ebed1d091",
  "gele_le": "2026-08-24T02:41:08",
  "extrait": "GRAND LIVRE v1 — la comptabilite baryonique, par espece et par epoque. CRITERES"
 },
 "outils/greffier.py": {
  "sha256": "0b6b5b809e9b9d5673f0a31966b31eced720c5321f29bb3ff84c9453cb4c4212",
  "gele_le": "2026-08-24T02:58:44",
  "extrait": "greffier v1 — le registre des tensions vivantes (24/08/2026). CRITERES PRE-ENREG"
 },
 "outils/confronteur.py": {
  "sha256": "be4022402d5ed4ce9bdd79a1d162fd29390746d923043817586e2e13b0179fc3",
  "gele_le": "2026-08-24T02:58:44",
  "extrait": "confronteur v1 — la cohérence croisée as code (24/08/2026). CRITERES PRE-ENREGIS"
 },
 "scripts/audit_ilcdm.py": {
  "sha256": "fa73e66ea698b39863e9c46000f47c0cfbd5b08677e60270254f16b263988840",
  "gele_le": "2026-08-24T03:34:15",
  "extrait": "AUDIT DES iLCDM — l'arbitre de la tension T7, premier volet. CRITERES PRE-ENREGI"
 },
 "scripts/etude_E1_manche3.py": {
  "sha256": "096c986f8ec1291a12353de0ffa3b834cd637e329132a159f5bc61f7d8a2c4fa",
  "gele_le": "2026-08-24T03:39:50",
  "extrait": "E1 MANCHE 3 — DESIVAST DR1 x PANTHEON+ : le troisieme juge, et l'ARBITRE DE T6."
 },
 "scripts/audit_ilcdm_v2.py": {
  "sha256": "b5471002fb6c163c838859684e11854d9a23cfd7c775a7948bab4f10a4b1e68c",
  "gele_le": "2026-08-24T03:52:39",
  "extrait": "AUDIT iLCDM, VOLET 2 — LOO traceurs BAO et partage en redshift. CRITERES PRE-ENR"
 },
 "scripts/jackknife_planck.py": {
  "sha256": "1bbfd10506a354a94efabd72b20ddadb93eff04cb183d7217d55ef8593296462",
  "gele_le": "2026-08-24T03:56:20",
  "extrait": "jackknife_planck.py — Le test qui reste : le Delta chi2 = -12.6 (Planck+BAO+SN c"
 },
 "outils/fig_omega.py": {
  "sha256": "286233ee99aa430a5e0c93cfe827d1869e2a090e3811211a2bd5c7a175d0279a",
  "gele_le": "2026-08-24T03:57:15",
  "extrait": "fig_omega v1 — l'histoire du budget Omega sous la loi w = -beta/(3Ht). CRITERES"
 },
 "scripts/audit_ilcdm_v3.py": {
  "sha256": "609e8b4a7a17570f9ba3b1c3a77869cd002e0486c0a456b45d09828c85b728fa",
  "gele_le": "2026-08-24T04:02:44",
  "extrait": "AUDIT iLCDM, VOLET 3 — LA TRILOGIE SN. CRITERES PRE-ENREGISTRES (geles AVANT exe"
 },
 "scripts/confluence.py": {
  "sha256": "3e708bd480401199a537e022046ba5a547627175c76e39555b2aa72254d50675",
  "gele_le": "2026-08-24T09:28:56",
  "extrait": "LA CONFLUENCE — les deux vainqueurs du corpus mesurent-ils la MEME fonction ?"
 },
 "scripts/confluence_planck.py": {
  "sha256": "74bf63bdcc2aa7d2ee880205d0072801c18d8af4f4894713fa11f06aea320062",
  "gele_le": "2026-08-24T10:09:11",
  "extrait": "LA CONFLUENCE SUR PLANCK COMPLET — le croisement, mesure par une forme LIBRE."
 },
 "scripts/confluence_planck_v2.py": {
  "sha256": "ce4d9b65ec246e849221bf4dce463115a3f3c4baef1b84d8abdd0b589c699007",
  "gele_le": "2026-08-24T10:10:56",
  "extrait": "LA CONFLUENCE SUR PLANCK COMPLET, v2 — VALIDATION CORRIGEE."
 },
 "outils/fig_pente.py": {
  "sha256": "ddf986c153eb0c5a6bde16111a9861547b7d18ab29ac881e1fd7550980b1396a",
  "gele_le": "2026-08-24T10:14:38",
  "extrait": "fig_pente — LA FONCTION QUE TOUT LE CORPUS MESURE : s(a) = d ln rho_de / d ln a."
 },
 "scripts/degenerescence_ilcdm.py": {
  "sha256": "d74f3e93caddb6d09ffdd478d4bcc2d344aa0c686945b7f6cae93cc509b3aac1",
  "gele_le": "2026-08-24T10:40:26",
  "extrait": "LE CHAMPION DE L'ATLAS EST-IL wCDM DEGUISE ? CRITERES PRE-ENREGISTRES (geles AVA"
 },
 "scripts/degenerescence_ilcdm_v2.py": {
  "sha256": "00deaf7745d85c8bd9aff158027b56649f24aade322274555d00824a452db852",
  "gele_le": "2026-08-24T10:43:24",
  "extrait": "L'AVANCE DU CHAMPION DE L'ATLAS EST-ELLE UN ARTEFACT DE COMPTABILITE DU RAYONNEM"
 },
 "scripts/degenerescence_ilcdm_v3.py": {
  "sha256": "e8b21204edacc0bc98285a0cbf5350d0a438e9d325d1d93f5363b19f8ac25b80",
  "gele_le": "2026-08-24T10:48:29",
  "extrait": "D'OU VIENT VRAIMENT L'AVANCE DU CHAMPION DE L'ATLAS ? L'ETALONNAGE, PAS LE FOND."
 },
 "scripts/degenerescence_ilcdm_v4.py": {
  "sha256": "1d5c847865d158a845dc757b73ece11187f9ddbbd6ef823e0463714c21626f0c",
  "gele_le": "2026-08-24T10:49:56",
  "extrait": "L'AVANCE DU CHAMPION DE L'ATLAS VIENT-ELLE DE L'ETALONNAGE ? — VALIDATION CORRIG"
 },
 "scripts/etalonnage_dm.py": {
  "sha256": "780a9f9b8e8e5faaaec01eabacc4d7fb00249fce02f452f61c27445b5f32f60e",
  "gele_le": "2026-08-24T11:03:47",
  "extrait": "L'ETALONNAGE COMPRIME EST-IL SEULEMENT APPLICABLE A 'ilcdm_dm' ?"
 },
 "scripts/epreuve_lrg2.py": {
  "sha256": "56fde1ef4ef186036140dbbe626e037dae41d50b73a18a9924422f0df99436cf",
  "gele_le": "2026-08-24T11:15:56",
  "extrait": "L'EPREUVE DE LRG2 — la critique 2026 la plus forte, appliquee a NOS modeles."
 },
 "scripts/banc_un_parametre.py": {
  "sha256": "a38014b821a8d0e5d53b57e8029565bc0baf9ea43df2fa571b24d450376d266f",
  "gele_le": "2026-08-24T11:21:37",
  "extrait": "BANC D'ESSAI DES LOIS D'ENERGIE NOIRE A UN PARAMETRE."
 },
 "outils/genere_ciel_v3.py": {
  "sha256": "71474adaf64d0ed12f110ccbdc74311503762fcd7d5deeb95051944a1c99ebd3",
  "gele_le": "2026-08-24T11:47:54",
  "extrait": "genere_ciel_v3 — LE CONE D'OBSERVATION ET LE DEZOOM COSMIQUE (24/08/2026)."
 },
 "outils/genere_ciel_v3b.py": {
  "sha256": "c09ef78c1d66dcdeb9e417631cd1ee714f2df487240629ddbec132f031b3161c",
  "gele_le": "2026-08-24T11:49:19",
  "extrait": "genere_ciel_v3b — LE CONE D'OBSERVATION ET LE DEZOOM COSMIQUE, CONTROLE CORRIGE."
 },
 "scripts/audit_domaines.py": {
  "sha256": "3ae3db8982de24c69ec567a67b165ac67de062d0270c43cfc7fbf92108ec9994",
  "gele_le": "2026-08-24T12:03:19",
  "extrait": "AUDIT DES DOMAINES : QUELS « MINIMA » DE L'ATLAS SONT DES BORDS ?"
 },
 "scripts/audit_domaines_v2.py": {
  "sha256": "7f6a2bff053dd794dacd5f23d8b1a2af808a7a86fcf5c40cce94e762674542a3",
  "gele_le": "2026-08-24T12:08:17",
  "extrait": "AUDIT DES DOMAINES v2 : QUELS « MINIMA » DE L'ATLAS SONT DES BORDS ?"
 },
 "outils/genere_ciel_v4.py": {
  "sha256": "a0fcd941ca9aa969c464047f5ad44afb6cc44f3986065cd26069790759132ba3",
  "gele_le": "2026-08-24T12:21:10",
  "extrait": "genere_ciel_v4 — LE CIEL PANTHEON DEVENU OUTIL DIDACTIQUE (24/08/2026)."
 },
 "scripts/banc_un_parametre_v2.py": {
  "sha256": "688ee2ea7138eb16dcce379e1c6c210ac2fef73d4e2c9a9a8eca291ff6ce9181",
  "gele_le": "2026-08-24T12:35:13",
  "extrait": "BANC D'ESSAI DES LOIS D'ENERGIE NOIRE A UN PARAMETRE — v2, criteres coherents."
 },
 "outils/genere_ciel_v5.py": {
  "sha256": "f76d1447b2b5df9a09caa853bed4e74ae9993e370cbff0b4100ea85f0388951f",
  "gele_le": "2026-08-24T12:48:35",
  "extrait": "genere_ciel_v5 — LES TROIS ECHELLES SUBLIMEES + LE PHARE DU CENTRE GALACTIQUE (2"
 },
 "outils/genere_ciel_v6.py": {
  "sha256": "57d480da8fdde4396d6f0df32353f6212c5aa371aa249763cdf26d9a117cb1b4",
  "gele_le": "2026-08-24T12:57:51",
  "extrait": "genere_ciel_v6 — LE VERTIGE DES ECHELLES : BULLE LOCALE, KUIPER, REPERES, SCAN R"
 },
 "outils/genere_ciel_v7.py": {
  "sha256": "9c98718d675e76008db4e7f7b8004e1e8b23a795d4056137f13053553eba71ae",
  "gele_le": "2026-08-24T13:05:39",
  "extrait": "genere_ciel_v7 — LES CONES D'OMBRE, LA COUPE, LA REGLE ET LE DEPLIAGE (24/08/202"
 },
 "outils/genere_ciel_bilingue.py": {
  "sha256": "fc8e0f3d28034f7534550aa498c73ccbc863c4526553ba2b5387aebcb6ed38d3",
  "gele_le": "2026-08-24T13:14:51",
  "extrait": "genere_ciel_bilingue — UNE VERSION ENTIEREMENT FRANCAISE ET UNE ENTIEREMENT ANGL"
 },
 "scripts/atlas_v2.py": {
  "sha256": "9466cd5914ec644362214acd4ea4fc0f481461179e99b320c3e36668c1e086c3",
  "gele_le": "2026-08-24T13:20:07",
  "extrait": "ATLAS v2 — LE PALMARES CORRIGE, CONSOLIDE ET ANNOTE."
 },
 "outils/genere_ciel_v8.py": {
  "sha256": "c72617f91c683cc772127cf269bb92e26d5a801b23f771e62730a9b0cc278f6a",
  "gele_le": "2026-08-24T13:26:15",
  "extrait": "genere_ciel_v8 — INTERFACE REORGANISEE, INSPECTEUR, LECTURE DU TEMPS, CONTRASTE."
 },
 "outils/genere_ciel_v8b.py": {
  "sha256": "8ea9b94676afffe7be4a24a9a69541cf1af2e2bea4c2fe4dd3ecb843aa49a128",
  "gele_le": "2026-08-24T13:28:16",
  "extrait": "genere_ciel_v8b — INTERFACE REORGANISEE + CONTRASTE, CRITERE CORRIGE."
 },
 "outils/manuscrit.py": {
  "sha256": "94b74a08a8546c17faa421a7b836466f3643d0afc108dabb2ea1c2d1324277b6",
  "gele_le": "2026-08-24T14:39:24",
  "extrait": "manuscrit — LE GARDE-FOU QUI MANQUAIT AU CORPUS (24/08/2026)."
 },
 "scripts/dilution_matiere.py": {
  "sha256": "19efe1c1451424fa75c86b8640c3d1854ba01c93b2e8c3402428ee034ea86aac",
  "gele_le": "2026-08-24T15:53:23",
  "extrait": "LA MATIERE DILUE-T-ELLE EN a^-3 ? — MESURE BILATERALE, ET LE TEST D'UNE CLASSE P"
 },
 "scripts/dilution_arbitre.py": {
  "sha256": "83b148f19fe17b85b2880dcdd8877204b6697d59b9996ae23da56af587efed08",
  "gele_le": "2026-08-24T17:17:52",
  "extrait": "L'ARBITRE DE T10 — SUPPRIMER LE CHOIX D'ETALONNAGE, PAS L'ARBITRER."
 },
 "scripts/dilution_arbitre_forme.py": {
  "sha256": "8595abf2a9f7be9c88d060975b5ca70e4f916562daca41420be634e046cb662c",
  "gele_le": "2026-08-24T17:25:48",
  "extrait": "CONTROLE POST-HOC DE L'ARBITRE — LA SIGNIFICATIVITE ANNONCEE EST-ELLE REELLE ?"
 },
 "scripts/equite_dilution.py": {
  "sha256": "714d6f430930c4fb8a5dcf153a56a697144db9193458bbf41a6ec64204f27cdb",
  "gele_le": "2026-08-24T17:30:36",
  "extrait": "CONTROLE D'EQUITE (regle 2) — NOTRE eps CONTRE LA SEULE MESURE EN VRAISEMBLANCE "
 },
 "scripts/confrontation_epsilon.py": {
  "sha256": "7eee4fed04eacff26e21c0c68fdf8051b36bf4560c4d50d9cc6b6c5ba7fbd20d",
  "gele_le": "2026-08-24T19:23:58",
  "extrait": "LE #190 EST-IL VRAI ? — TEST DE MA PROPRE AFFIRMATION PAR LES DONNEES DES AUTRES"
 }
}